
Microsoft Visual Studio Solution File, Format Version 12.00
# Visual Studio Version 17
VisualStudioVersion = 17.13.35806.99 d17.13
MinimumVisualStudioVersion = 10.0.40219.1
Project("{FAE04EC0-301F-11D3-BF4B-00C04F79EFBC}") = "MoiponeWebApp", "MoiponeWebApp.csproj", "{6E5FA1EA-2828-428A-8BDC-21C69AE29FED}"
EndProject
Global
	GlobalSection(SolutionConfigurationPlatforms) = preSolution
		Debug|Any CPU = Debug|Any CPU
		Release|Any CPU = Release|Any CPU
	EndGlobalSection
	GlobalSection(ProjectConfigurationPlatforms) = postSolution
		{6E5FA1EA-2828-428A-8BDC-21C69AE29FED}.Debug|Any CPU.ActiveCfg = Debug|Any CPU
		{6E5FA1EA-2828-428A-8BDC-21C69AE29FED}.Debug|Any CPU.Build.0 = Debug|Any CPU
		{6E5FA1EA-2828-428A-8BDC-21C69AE29FED}.Release|Any CPU.ActiveCfg = Release|Any CPU
		{6E5FA1EA-2828-428A-8BDC-21C69AE29FED}.Release|Any CPU.Build.0 = Release|Any CPU
	EndGlobalSection
	GlobalSection(SolutionProperties) = preSolution
		HideSolutionNode = FALSE
	EndGlobalSection
	GlobalSection(ExtensibilityGlobals) = postSolution
		SolutionGuid = {CB05EF45-25CC-4B6F-B44A-10847C67E49B}
	EndGlobalSection
EndGlobal
